
Microsoft Visual Studio Solution File, Format Version 12.00
# Visual Studio 15
VisualStudioVersion = 15.0.28307.1500
MinimumVisualStudioVersion = 10.0.40219.1
Project("{FAE04EC0-301F-11D3-BF4B-00C04F79EFBC}") = "SocketChatMain", "SocketChatMain\SocketChatMain.csproj", "{FCCEECCA-B70D-4BFF-BB0D-651968E96D0E}"
EndProject
Global
	GlobalSection(SolutionConfigurationPlatforms) = preSolution
		Debug|Any CPU = Debug|Any CPU
		Release|Any CPU = Release|Any CPU
	EndGlobalSection
	GlobalSection(ProjectConfigurationPlatforms) = postSolution
		{FCCEECCA-B70D-4BFF-BB0D-651968E96D0E}.Debug|Any CPU.ActiveCfg = Debug|Any CPU
		{FCCEECCA-B70D-4BFF-BB0D-651968E96D0E}.Debug|Any CPU.Build.0 = Debug|Any CPU
		{FCCEECCA-B70D-4BFF-BB0D-651968E96D0E}.Release|Any CPU.ActiveCfg = Release|Any CPU
		{FCCEECCA-B70D-4BFF-BB0D-651968E96D0E}.Release|Any CPU.Build.0 = Release|Any CPU
	EndGlobalSection
	GlobalSection(SolutionProperties) = preSolution
		HideSolutionNode = FALSE
	EndGlobalSection
	GlobalSection(ExtensibilityGlobals) = postSolution
		SolutionGuid = {7C3F2778-DD57-4100-8843-D8DE6DADE2AB}
	EndGlobalSection
EndGlobal
